# This file is automatically @generated by Poetry 2.3.0 and should not be changed by hand.

[[package]]
name = "awscrt"
version = "0.31.2"
description = "A common runtime for AWS Python projects"
optional = false
python-versions = ">=3.8"
groups = ["main"]
files = [
    {file = "awscrt-0.31.2-cp310-cp310-macosx_10_15_universal2.whl", hash = "sha256:f0c179c930ad8e4648bca9e310ab05fc1f6d41b334d5c2b124019822ce05f4ed"},
    {file = "awscrt-0.31.2-cp310-cp310-manylinux2014_aarch64.manylinux_2_17_aarch64.whl", hash = "sha256:28e5ec2fcc4e57e93f5b50dc748c0d2db449871102e390bbeb9e3ccc2c9ced07"},
    {file = "awscrt-0.31.2-cp310-cp310-manylinux2014_x86_64.manylinux_2_17_x86_64.whl", hash = "sha256:18adbcfc8a92468988ff9fef8f78ec21b1a3b3e705adb7964bae85c61e59d8bb"},
    {file = "awscrt-0.31.2-cp310-cp310-musllinux_1_1_aarch64.whl", hash = "sha256:333fd850a0352ab53468412663b67350cfacaaabc5006ede696ac69a3e822572"},
    {file = "awscrt-0.31.2-cp310-cp310-musllinux_1_1_x86_64.whl", hash = "sha256:b80b7970c6894b7ae4dddbf2870323e5b81a123027205a2a1597fa72d00a2df2"},
    {file = "awscrt-0.31.2-cp310-cp310-win32.whl", hash = "sha256:b3f4132550e51098a5a772313dfea38818adf909f314141cfe9ab3319fb0b0f0"},
    {file = "awscrt-0.31.2-cp310-cp310-win_amd64.whl", hash = "sha256:e13d3b3517f08ddefde3af6c4ecafe561676ec491e799a5fbda66d951613ee8e"},
    {file = "awscrt-0.31.2-cp311-abi3-macosx_10_15_universal2.whl", hash = "sha256:49c003d7fe40002dc4e26500f6cc63c61b399d44b4e38e66b5065845d296d230"},
    {file = "awscrt-0.31.2-cp311-abi3-manylinux2014_aarch64.manylinux_2_17_aarch64.whl", hash = "sha256:ac9d662de99c2f1393011cde357d0c8730aef9df4eedf258505bdf6ff20a3c01"},
    {file = "awscrt-0.31.2-cp311-abi3-manylinux2014_x86_64.manylinux_2_17_x86_64.whl", hash = "sha256:8387e72f856b7a92f7d08ff9a1dfa6960d6e9ed39509c63c5905e240071af23e"},
    {file = "awscrt-0.31.2-cp311-abi3-musllinux_1_1_aarch64.whl", hash = "sha256:43b3f774afd5dc2471d38490a16ed3e789814f120b9552c76920cb2fb812376f"},
    {file = "awscrt-0.31.2-cp311-abi3-musllinux_1_1_x86_64.whl", hash = "sha256:10d5541726b87246fbfeb4c70036373b7aba8b40f489e5ae886eabc09a68ef38"},
    {file = "awscrt-0.31.2-cp311-abi3-win32.whl", hash = "sha256:14e28cabf7857cfe6d82548821410c688e772a819dbf15d167359d7bc54cdb8d"},
    {file = "awscrt-0.31.2-cp311-abi3-win_amd64.whl", hash = "sha256:ebd98aaaf348334f72d3a38aed18c29b808fe978c295e7c6bc2e21deac5126c8"},
    {file = "awscrt-0.31.2-cp313-abi3-macosx_10_15_universal2.whl", hash = "sha256:3eb623d0abfbbe5e6666b9c39780737b472766b0e01168296b048a27ef9d13e8"},
    {file = "awscrt-0.31.2-cp313-abi3-manylinux2014_aarch64.manylinux_2_17_aarch64.whl", hash = "sha256:03de99bd3077e1b3bbcd1eca9d06a735fdb8fd47b2af8b1d464d43ede00f125a"},
    {file = "awscrt-0.31.2-cp313-abi3-manylinux2014_x86_64.manylinux_2_17_x86_64.whl", hash = "sha256:1a4adc5ff6eae8a46f5bca4ed70ad68d36f1e272e2fcd60afeef71b4d02afe06"},
    {file = "awscrt-0.31.2-cp313-abi3-musllinux_1_1_aarch64.whl", hash = "sha256:83d45c3ee9e1fe10c2d316b93402157199edb5d20b1584facf24f82981b55190"},
    {file = "awscrt-0.31.2-cp313-abi3-musllinux_1_1_x86_64.whl", hash = "sha256:a1d1f3e07cdd926bbc9a3715826e5794217780e7a326c329bdbf453533d2141a"},
    {file = "awscrt-0.31.2-cp313-abi3-win32.whl", hash = "sha256:cf02b5db1181811f5e7c70e772986ef4a6577f722a6b3222842ae377df41d261"},
    {file = "awscrt-0.31.2-cp313-abi3-win_amd64.whl", hash = "sha256:4b459be11d9aba47d3cb37e10e97702eed2a2858aa381e2586f7f73d15d85bdf"},
    {file = "awscrt-0.31.2-cp38-cp38-macosx_10_15_x86_64.whl", hash = "sha256:046a514bd37dda049fdf3f76a1bbdef90f9344353080cfa5321dcb5007751455"},
    {file = "awscrt-0.31.2-cp38-cp38-manylinux2014_aarch64.manylinux_2_17_aarch64.whl", hash = "sha256:fed3f3686fbe796ea77a2aa3d12f4699aba5f2013acd3628d3065305146892d8"},
    {file = "awscrt-0.31.2-cp38-cp38-manylinux2014_x86_64.manylinux_2_17_x86_64.whl", hash = "sha256:65c07cb76907beab233f00f1b840b5d1605abb28c21e2132c10ac8ef9dc7eb83"},
    {file = "awscrt-0.31.2-cp38-cp38-manylinux_2_5_i686.manylinux1_i686.whl", hash = "sha256:082c165dc61ef57dcafc8bf31fcc61d5daa6b7a15e36eada9af576ddc5293b49"},
    {file = "awscrt-0.31.2-cp38-cp38-manylinux_2_5_x86_64.manylinux1_x86_64.whl", hash = "sha256:6b7bde2e6ec049777219513e97aae10d03b6c69654e174ab8e927ccc84387245"},
    {file = "awscrt-0.31.2-cp38-cp38-musllinux_1_1_aarch64.whl", hash = "sha256:bf568eb0abc09bec507f7b37bd0017618d501b90518bd015d45b0f656face7dd"},
    {file = "awscrt-0.31.2-cp38-cp38-musllinux_1_1_x86_64.whl", hash = "sha256:b8eee6237b8290ead0dae7927b619973f094b1861a3d67c8144c314dc6dcc206"},
    {file = "awscrt-0.31.2-cp38-cp38-win32.whl", hash = "sha256:9aa7e780d08fd8e36010ada44489791d9ef0c15cfd838edf3fd2c23ebb2e1e0c"},
    {file = "awscrt-0.31.2-cp38-cp38-win_amd64.whl", hash = "sha256:5b8c9327ce4ea1d5091d119b03bd2c1c91b0547f3ad223cdd118edea1c525b0f"},
    {file = "awscrt-0.31.2-cp39-cp39-macosx_10_15_universal2.whl", hash = "sha256:5146741645c41dbba47a916d41ab4ced5d953853434e610a719da8c138fa642c"},
    {file = "awscrt-0.31.2-cp39-cp39-manylinux2014_aarch64.manylinux_2_17_aarch64.whl", hash = "sha256:a5c36a1ba38492f983fd60bd81d5e604d1f74668ff4808a7c5ad34be17f0cc79"},
    {file = "awscrt-0.31.2-cp39-cp39-manylinux2014_x86_64.manylinux_2_17_x86_64.whl", hash = "sha256:566e646ea06a67f223cb699f050fbf851dd7f342f249caf86f2e07c0729c2a27"},
    {file = "awscrt-0.31.2-cp39-cp39-manylinux_2_5_i686.manylinux1_i686.whl", hash = "sha256:dafbef04f4de7e255e2d6be4b5d243af7fe79b7c5e3c94d7b85c176979a9006b"},
    {file = "awscrt-0.31.2-cp39-cp39-manylinux_2_5_x86_64.manylinux1_x86_64.whl", hash = "sha256:1e042fcc0bb19114ab52a7e5d0f5adc595f8a470738e79a7e4d984a08e2d027d"},
    {file = "awscrt-0.31.2-cp39-cp39-musllinux_1_1_aarch64.whl", hash = "sha256:52a88455e1db3045212d5ff05d42f78ec993f49ea35f9666ab244675202156ed"},
    {file = "awscrt-0.31.2-cp39-cp39-musllinux_1_1_x86_64.whl", hash = "sha256:cfcabf6410aa2076eadba310ff3d49c4690623a14c51d217fcdb48be853a76e2"},
    {file = "awscrt-0.31.2-cp39-cp39-win32.whl", hash = "sha256:90a3b579631ada24fc348dc88c86d341d0d286ffdd3a81ef20e53b2afcb49d4e"},
    {file = "awscrt-0.31.2-cp39-cp39-win_amd64.whl", hash = "sha256:783f988446b4788a87e058219a7119fb8654ce56937f3ece3d58f0dde6bca6ca"},
    {file = "awscrt-0.31.2.tar.gz", hash = "sha256:552555de1beff02d72a1f6d384cd49c5a7c283418310eae29d21bcb749c65792"},
]

[package.extras]
dev = ["autopep8 (>=2.3.1)", "build (>=1.2.2)", "h2 (==4.1.0)", "sphinx (>=7.2.6,<7.3) ; python_version >= \"3.9\"", "websockets (>=13.1)"]

[[package]]
name = "boto3"
version = "1.42.50"
description = "The AWS SDK for Python"
optional = false
python-versions = ">=3.9"
groups = ["main"]
files = [
    {file = "boto3-1.42.50-py3-none-any.whl", hash = "sha256:2fdf8f5349b130d62576068a6c47b3eec368a70bc28f16d8cce17c5f7e74fc2e"},
    {file = "boto3-1.42.50.tar.gz", hash = "sha256:38545d7e6e855fefc8a11e899ccbd6d2c9f64671d6648c2acfb1c78c1057a480"},
]

[package.dependencies]
botocore = ">=1.42.50,<1.43.0"
jmespath = ">=0.7.1,<2.0.0"
s3transfer = ">=0.16.0,<0.17.0"

[package.extras]
crt = ["botocore[crt] (>=1.21.0,<2.0a0)"]

[[package]]
name = "botocore"
version = "1.42.50"
description = "Low-level, data-driven core of boto 3."
optional = false
python-versions = ">=3.9"
groups = ["main"]
files = [
    {file = "botocore-1.42.50-py3-none-any.whl", hash = "sha256:3ec7004009d1557a881b1d076d54b5768230849fa9ccdebfd409f0571490e691"},
    {file = "botocore-1.42.50.tar.gz", hash = "sha256:de1e128e4898f4e66877bfabbbb03c61f99366f27520442539339e8a74afe3a5"},
]

[package.dependencies]
awscrt = {version = "0.31.2", optional = true, markers = "extra == \"crt\""}
jmespath = ">=0.7.1,<2.0.0"
python-dateutil = ">=2.1,<3.0.0"
urllib3 = {version = ">=1.25.4,<2.2.0 || >2.2.0,<3", markers = "python_version >= \"3.10\""}

[package.extras]
crt = ["awscrt (==0.31.2)"]

[[package]]
name = "jmespath"
version = "1.1.0"
description = "JSON Matching Expressions"
optional = false
python-versions = ">=3.9"
groups = ["main"]
files = [
    {file = "jmespath-1.1.0-py3-none-any.whl", hash = "sha256:a5663118de4908c91729bea0acadca56526eb2698e83de10cd116ae0f4e97c64"},
    {file = "jmespath-1.1.0.tar.gz", hash = "sha256:472c87d80f36026ae83c6ddd0f1d05d4e510134ed462851fd5f754c8c3cbb88d"},
]

[[package]]
name = "pyarrow"
version = "18.1.0"
description = "Python library for Apache Arrow"
optional = false
python-versions = ">=3.9"
groups = ["main"]
files = [
    {file = "pyarrow-18.1.0-cp310-cp310-macosx_12_0_arm64.whl", hash = "sha256:e21488d5cfd3d8b500b3238a6c4b075efabc18f0f6d80b29239737ebd69caa6c"},
    {file = "pyarrow-18.1.0-cp310-cp310-macosx_12_0_x86_64.whl", hash = "sha256:b516dad76f258a702f7ca0250885fc93d1fa5ac13ad51258e39d402bd9e2e1e4"},
    {file = "pyarrow-18.1.0-cp310-cp310-manylinux_2_17_aarch64.manylinux2014_aarch64.whl", hash = "sha256:4f443122c8e31f4c9199cb23dca29ab9427cef990f283f80fe15b8e124bcc49b"},
    {file = "pyarrow-18.1.0-cp310-cp310-manylinux_2_17_x86_64.manylinux2014_x86_64.whl", hash = "sha256:c0a03da7f2758645d17b7b4f83c8bffeae5bbb7f974523fe901f36288d2eab71"},
    {file = "pyarrow-18.1.0-cp310-cp310-manylinux_2_28_aarch64.whl", hash = "sha256:ba17845efe3aa358ec266cf9cc2800fa73038211fb27968bfa88acd09261a470"},
    {file = "pyarrow-18.1.0-cp310-cp310-manylinux_2_28_x86_64.whl", hash = "sha256:3c35813c11a059056a22a3bef520461310f2f7eea5c8a11ef9de7062a23f8d56"},
    {file = "pyarrow-18.1.0-cp310-cp310-win_amd64.whl", hash = "sha256:9736ba3c85129d72aefa21b4f3bd715bc4190fe4426715abfff90481e7d00812"},
    {file = "pyarrow-18.1.0-cp311-cp311-macosx_12_0_arm64.whl", hash = "sha256:eaeabf638408de2772ce3d7793b2668d4bb93807deed1725413b70e3156a7854"},
    {file = "pyarrow-18.1.0-cp311-cp311-macosx_12_0_x86_64.whl", hash = "sha256:3b2e2239339c538f3464308fd345113f886ad031ef8266c6f004d49769bb074c"},
    {file = "pyarrow-18.1.0-cp311-cp311-manylinux_2_17_aarch64.manylinux2014_aarch64.whl", hash = "sha256:f39a2e0ed32a0970e4e46c262753417a60c43a3246972cfc2d3eb85aedd01b21"},
    {file = "pyarrow-18.1.0-cp311-cp311-manylinux_2_17_x86_64.manylinux2014_x86_64.whl", hash = "sha256:e31e9417ba9c42627574bdbfeada7217ad8a4cbbe45b9d6bdd4b62abbca4c6f6"},
    {file = "pyarrow-18.1.0-cp311-cp311-manylinux_2_28_aarch64.whl", hash = "sha256:01c034b576ce0eef554f7c3d8c341714954be9b3f5d5bc7117006b85fcf302fe"},
    {file = "pyarrow-18.1.0-cp311-cp311-manylinux_2_28_x86_64.whl", hash = "sha256:f266a2c0fc31995a06ebd30bcfdb7f615d7278035ec5b1cd71c48d56daaf30b0"},
    {file = "pyarrow-18.1.0-cp311-cp311-win_amd64.whl", hash = "sha256:d4f13eee18433f99adefaeb7e01d83b59f73360c231d4782d9ddfaf1c3fbde0a"},
    {file = "pyarrow-18.1.0-cp312-cp312-macosx_12_0_arm64.whl", hash = "sha256:9f3a76670b263dc41d0ae877f09124ab96ce10e4e48f3e3e4257273cee61ad0d"},
    {file = "pyarrow-18.1.0-cp312-cp312-macosx_12_0_x86_64.whl", hash = "sha256:da31fbca07c435be88a0c321402c4e31a2ba61593ec7473630769de8346b54ee"},
    {file = "pyarrow-18.1.0-cp312-cp312-manylinux_2_17_aarch64.manylinux2014_aarch64.whl", hash = "sha256:543ad8459bc438efc46d29a759e1079436290bd583141384c6f7a1068ed6f992"},
    {file = "pyarrow-18.1.0-cp312-cp312-manylinux_2_17_x86_64.manylinux2014_x86_64.whl", hash = "sha256:0743e503c55be0fdb5c08e7d44853da27f19dc854531c0570f9f394ec9671d54"},
    {file = "pyarrow-18.1.0-cp312-cp312-manylinux_2_28_aarch64.whl", hash = "sha256:d4b3d2a34780645bed6414e22dda55a92e0fcd1b8a637fba86800ad737057e33"},
    {file = "pyarrow-18.1.0-cp312-cp312-manylinux_2_28_x86_64.whl", hash = "sha256:c52f81aa6f6575058d8e2c782bf79d4f9fdc89887f16825ec3a66607a5dd8e30"},
    {file = "pyarrow-18.1.0-cp312-cp312-win_amd64.whl", hash = "sha256:0ad4892617e1a6c7a551cfc827e072a633eaff758fa09f21c4ee548c30bcaf99"},
    {file = "pyarrow-18.1.0-cp313-cp313-macosx_12_0_arm64.whl", hash = "sha256:84e314d22231357d473eabec709d0ba285fa706a72377f9cc8e1cb3c8013813b"},
    {file = "pyarrow-18.1.0-cp313-cp313-macosx_12_0_x86_64.whl", hash = "sha256:f591704ac05dfd0477bb8f8e0bd4b5dc52c1cadf50503858dce3a15db6e46ff2"},
    {file = "pyarrow-18.1.0-cp313-cp313-manylinux_2_17_aarch64.manylinux2014_aarch64.whl", hash = "sha256:acb7564204d3c40babf93a05624fc6a8ec1ab1def295c363afc40b0c9e66c191"},
    {file = "pyarrow-18.1.0-cp313-cp313-manylinux_2_17_x86_64.manylinux2014_x86_64.whl", hash = "sha256:74de649d1d2ccb778f7c3afff6085bd5092aed4c23df9feeb45dd6b16f3811aa"},
    {file = "pyarrow-18.1.0-cp313-cp313-manylinux_2_28_aarch64.whl", hash = "sha256:f96bd502cb11abb08efea6dab09c003305161cb6c9eafd432e35e76e7fa9b90c"},
    {file = "pyarrow-18.1.0-cp313-cp313-manylinux_2_28_x86_64.whl", hash = "sha256:36ac22d7782554754a3b50201b607d553a8d71b78cdf03b33c1125be4b52397c"},
    {file = "pyarrow-18.1.0-cp313-cp313-win_amd64.whl", hash = "sha256:25dbacab8c5952df0ca6ca0af28f50d45bd31c1ff6fcf79e2d120b4a65ee7181"},
    {file = "pyarrow-18.1.0-cp313-cp313t-macosx_12_0_arm64.whl", hash = "sha256:6a276190309aba7bc9d5bd2933230458b3521a4317acfefe69a354f2fe59f2bc"},
    {file = "pyarrow-18.1.0-cp313-cp313t-macosx_12_0_x86_64.whl", hash = "sha256:ad514dbfcffe30124ce655d72771ae070f30bf850b48bc4d9d3b25993ee0e386"},
    {file = "pyarrow-18.1.0-cp313-cp313t-manylinux_2_17_aarch64.manylinux2014_aarch64.whl", hash = "sha256:aebc13a11ed3032d8dd6e7171eb6e86d40d67a5639d96c35142bd568b9299324"},
    {file = "pyarrow-18.1.0-cp313-cp313t-manylinux_2_17_x86_64.manylinux2014_x86_64.whl", hash = "sha256:d6cf5c05f3cee251d80e98726b5c7cc9f21bab9e9783673bac58e6dfab57ecc8"},
    {file = "pyarrow-18.1.0-cp313-cp313t-manylinux_2_28_aarch64.whl", hash = "sha256:11b676cd410cf162d3f6a70b43fb9e1e40affbc542a1e9ed3681895f2962d3d9"},
    {file = "pyarrow-18.1.0-cp313-cp313t-manylinux_2_28_x86_64.whl", hash = "sha256:b76130d835261b38f14fc41fdfb39ad8d672afb84c447126b84d5472244cfaba"},
    {file = "pyarrow-18.1.0-cp39-cp39-macosx_12_0_arm64.whl", hash = "sha256:0b331e477e40f07238adc7ba7469c36b908f07c89b95dd4bd3a0ec84a3d1e21e"},
    {file = "pyarrow-18.1.0-cp39-cp39-macosx_12_0_x86_64.whl", hash = "sha256:2c4dd0c9010a25ba03e198fe743b1cc03cd33c08190afff371749c52ccbbaf76"},
    {file = "pyarrow-18.1.0-cp39-cp39-manylinux_2_17_aarch64.manylinux2014_aarch64.whl", hash = "sha256:4f97b31b4c4e21ff58c6f330235ff893cc81e23da081b1a4b1c982075e0ed4e9"},
    {file = "pyarrow-18.1.0-cp39-cp39-manylinux_2_17_x86_64.manylinux2014_x86_64.whl", hash = "sha256:4a4813cb8ecf1809871fd2d64a8eff740a1bd3691bbe55f01a3cf6c5ec869754"},
    {file = "pyarrow-18.1.0-cp39-cp39-manylinux_2_28_aarch64.whl", hash = "sha256:05a5636ec3eb5cc2a36c6edb534a38ef57b2ab127292a716d00eabb887835f1e"},
    {file = "pyarrow-18.1.0-cp39-cp39-manylinux_2_28_x86_64.whl", hash = "sha256:73eeed32e724ea3568bb06161cad5fa7751e45bc2228e33dcb10c614044165c7"},
    {file = "pyarrow-18.1.0-cp39-cp39-win_amd64.whl", hash = "sha256:a1880dd6772b685e803011a6b43a230c23b566859a6e0c9a276c1e0faf4f4052"},
    {file = "pyarrow-18.1.0.tar.gz", hash = "sha256:9386d3ca9c145b5539a1cfc75df07757dff870168c959b473a0bccbc3abc8c73"},
]

[package.extras]
test = ["cffi", "hypothesis", "pandas", "pytest", "pytz"]

[[package]]
name = "python-dateutil"
version = "2.9.0.post0"
description = "Extensions to the standard Python datetime module"
optional = false
python-versions = "!=3.0.*,!=3.1.*,!=3.2.*,>=2.7"
groups = ["main"]
files = [
    {file = "python-dateutil-2.9.0.post0.tar.gz", hash = "sha256:37dd54208da7e1cd875388217d5e00ebd4179249f90fb72437e91a35459a0ad3"},
    {file = "python_dateutil-2.9.0.post0-py2.py3-none-any.whl", hash = "sha256:a8b2bc7bffae282281c8140a97d3aa9c14da0b136dfe83f850eea9a5f7470427"},
]

[package.dependencies]
six = ">=1.5"

[[package]]
name = "s3transfer"
version = "0.16.0"
description = "An Amazon S3 Transfer Manager"
optional = false
python-versions = ">=3.9"
groups = ["main"]
files = [
    {file = "s3transfer-0.16.0-py3-none-any.whl", hash = "sha256:18e25d66fed509e3868dc1572b3f427ff947dd2c56f844a5bf09481ad3f3b2fe"},
    {file = "s3transfer-0.16.0.tar.gz", hash = "sha256:8e990f13268025792229cd52fa10cb7163744bf56e719e0b9cb925ab79abf920"},
]

[package.dependencies]
botocore = ">=1.37.4,<2.0a0"

[package.extras]
crt = ["botocore[crt] (>=1.37.4,<2.0a0)"]

[[package]]
name = "six"
version = "1.17.0"
description = "Python 2 and 3 compatibility utilities"
optional = false
python-versions = "!=3.0.*,!=3.1.*,!=3.2.*,>=2.7"
groups = ["main"]
files = [
    {file = "six-1.17.0-py2.py3-none-any.whl", hash = "sha256:4721f391ed90541fddacab5acf947aa0d3dc7d27b2e1e8eda2be8970586c3274"},
    {file = "six-1.17.0.tar.gz", hash = "sha256:ff70335d468e7eb6ec65b95b99d3a2836546063f63acc5171de367e834932a81"},
]

[[package]]
name = "urllib3"
version = "2.6.3"
description = "HTTP library with thread-safe connection pooling, file post, and more."
optional = false
python-versions = ">=3.9"
groups = ["main"]
files = [
    {file = "urllib3-2.6.3-py3-none-any.whl", hash = "sha256:bf272323e553dfb2e87d9bfd225ca7b0f467b919d7bbd355436d3fd37cb0acd4"},
    {file = "urllib3-2.6.3.tar.gz", hash = "sha256:1b62b6884944a57dbe321509ab94fd4d3b307075e0c2eae991ac71ee15ad38ed"},
]

[package.extras]
brotli = ["brotli (>=1.2.0) ; platform_python_implementation == \"CPython\"", "brotlicffi (>=1.2.0.0) ; platform_python_implementation != \"CPython\""]
h2 = ["h2 (>=4,<5)"]
socks = ["pysocks (>=1.5.6,!=1.5.7,<2.0)"]
zstd = ["backports-zstd (>=1.0.0) ; python_version < \"3.14\""]

[metadata]
lock-version = "2.1"
python-versions = "^3.10"
content-hash = "4531eb0bb8abff19f7463bfd1ae0f86b27b63cad3fae353b6d2ca5ee25b1fc84"
